// !$*UTF8*$!
{
	archiveVersion = 1;
	classes = {
	};
	objectVersion = 46;
	objects = {

/* Begin PBXBuildFile section */
		222858851EED760A00734393 /* AppDelegate.swift in Sources */ = {isa = PBXBuildFile; fileRef = 222858841EED760A00734393 /* AppDelegate.swift */; };
		222858871EED760A00734393 /* ViewController.swift in Sources */ = {isa = PBXBuildFile; fileRef = 222858861EED760A00734393 /* ViewController.swift */; };
		2228588A1EED760A00734393 /* Main.storyboard in Resources */ = {isa = PBXBuildFile; fileRef = 222858881EED760A00734393 /* Main.storyboard */; };
		2228588C1EED760A00734393 /* Assets.xcassets in Resources */ = {isa = PBXBuildFile; fileRef = 2228588B1EED760A00734393 /* Assets.xcassets */; };
		2228588F1EED760A00734393 /* LaunchScreen.storyboard in Resources */ = {isa = PBXBuildFile; fileRef = 2228588D1EED760A00734393 /* LaunchScreen.storyboard */; };
		2228589A1EED760A00734393 /* galleryAppTests.swift in Sources */ = {isa = PBXBuildFile; fileRef = 222858991EED760A00734393 /* galleryAppTests.swift */; };
		222858A51EED760A00734393 /* galleryAppUITests.swift in Sources */ = {isa = PBXBuildFile; fileRef = 222858A41EED760A00734393 /* galleryAppUITests.swift */; };
/* End PBXBuildFile section */

/* Begin PBXContainerItemProxy section */
		222858961EED760A00734393 /* PBXContainerItemProxy */ = {
			isa = PBXContainerItemProxy;
			containerPortal = 222858791EED760A00734393 /* Project object */;
			proxyType = 1;
			remoteGlobalIDString = 222858801EED760A00734393;
			remoteInfo = galleryApp;
		};
		222858A11EED760A00734393 /* PBXContainerItemProxy */ = {
			isa = PBXContainerItemProxy;
			containerPortal = 222858791EED760A00734393 /* Project object */;
			proxyType = 1;
			remoteGlobalIDString = 222858801EED760A00734393;
			remoteInfo = galleryApp;
		};
/* End PBXContainerItemProxy section */

/* Begin PBXFileReference section */
		222858811EED760A00734393 /* galleryApp.app */ = {isa = PBXFileReference; explicitFileType = wrapper.application; includeInIndex = 0; path = galleryApp.app; sourceTree = BUILT_PRODUCTS_DIR; };
		222858841EED760A00734393 /* AppDelegate.swift */ = {isa = PBXFileReference; lastKnownFileType = sourcecode.swift; path = AppDelegate.swift; sourceTree = "<group>"; };
		222858861EED760A00734393 /* ViewController.swift */ = {isa = PBXFileReference; lastKnownFileType = sourcecode.swift; path = ViewController.swift; sourceTree = "<group>"; };
		222858891EED760A00734393 /* Base */ = {isa = PBXFileReference; lastKnownFileType = file.storyboard; name = Base; path = Base.lproj/Main.storyboard; sourceTree = "<group>"; };
		2228588B1EED760A00734393 /* Assets.xcassets */ = {isa = PBXFileReference; lastKnownFileType = folder.assetcatalog; path = Assets.xcassets; sourceTree = "<group>"; };
		2228588E1EED760A00734393 /* Base */ = {isa = PBXFileReference; lastKnownFileType = file.storyboard; name = Base; path = Base.lproj/LaunchScreen.storyboard; sourceTree = "<group>"; };
		222858901EED760A00734393 /* Info.plist */ = {isa = PBXFileReference; lastKnownFileType = text.plist.xml; path = Info.plist; sourceTree = "<group>"; };
		222858951EED760A00734393 /* galleryAppTests.xctest */ = {isa = PBXFileReference; explicitFileType = wrapper.cfbundle; includeInIndex = 0; path = galleryAppTests.xctest; sourceTree = BUILT_PRODUCTS_DIR; };
		222858991EED760A00734393 /* galleryAppTests.swift */ = {isa = PBXFileReference; lastKnownFileType = sourcecode.swift; path = galleryAppTests.swift; sourceTree = "<group>"; };
		2228589B1EED760A00734393 /* Info.plist */ = {isa = PBXFileReference; lastKnownFileType = text.plist.xml; path = Info.plist; sourceTree = "<group>"; };
		222858A01EED760A00734393 /* galleryAppUITests.xctest */ = {isa = PBXFileReference; explicitFileType = wrapper.cfbundle; includeInIndex = 0; path = galleryAppUITests.xctest; sourceTree = BUILT_PRODUCTS_DIR; };
		222858A41EED760A00734393 /* galleryAppUITests.swift */ = {isa = PBXFileReference; lastKnownFileType = sourcecode.swift; path = galleryAppUITests.swift; sourceTree = "<group>"; };
		222858A61EED760A00734393 /* Info.plist */ = {isa = PBXFileReference; lastKnownFileType = text.plist.xml; path = Info.plist; sourceTree = "<group>"; };
/* End PBXFileReference section */

/* Begin PBXFrameworksBuildPhase section */
		2228587E1EED760A00734393 /* Frameworks */ = {
			isa = PBXFrameworksBuildPhase;
			buildActionMask = 2147483647;
			files = (
			);
			runOnlyForDeploymentPostprocessing = 0;
		};
		222858921EED760A00734393 /* Frameworks */ = {
			isa = PBXFrameworksBuildPhase;
			buildActionMask = 2147483647;
			files = (
			);
			runOnlyForDeploymentPostprocessing = 0;
		};
		2228589D1EED760A00734393 /* Frameworks */ = {
			isa = PBXFrameworksBuildPhase;
			buildActionMask = 2147483647;
			files = (
			);
			runOnlyForDeploymentPostprocessing = 0;
		};
/* End PBXFrameworksBuildPhase section */

/* Begin PBXGroup section */
		222858781EED760A00734393 = {
			isa = PBXGroup;
			children = (
				222858831EED760A00734393 /* galleryApp */,
				222858981EED760A00734393 /* galleryAppTests */,
				222858A31EED760A00734393 /* galleryAppUITests */,
				222858821EED760A00734393 /* Products */,
			);
			sourceTree = "<group>";
		};
		222858821EED760A00734393 /* Products */ = {
			isa = PBXGroup;
			children = (
				222858811EED760A00734393 /* galleryApp.app */,
				222858951EED760A00734393 /* galleryAppTests.xctest */,
				222858A01EED760A00734393 /* galleryAppUITests.xctest */,
			);
			name = Products;
			sourceTree = "<group>";
		};
		222858831EED760A00734393 /* galleryApp */ = {
			isa = PBXGroup;
			children = (
				222858841EED760A00734393 /* AppDelegate.swift */,
				222858861EED760A00734393 /* ViewController.swift */,
				222858881EED760A00734393 /* Main.storyboard */,
				2228588B1EED760A00734393 /* Assets.xcassets */,
				2228588D1EED760A00734393 /* LaunchScreen.storyboard */,
				222858901EED760A00734393 /* Info.plist */,
			);
			path = galleryApp;
			sourceTree = "<group>";
		};
		222858981EED760A00734393 /* galleryAppTests */ = {
			isa = PBXGroup;
			children = (
				222858991EED760A00734393 /* galleryAppTests.swift */,
				2228589B1EED760A00734393 /* Info.plist */,
			);
			path = galleryAppTests;
			sourceTree = "<group>";
		};
		222858A31EED760A00734393 /* galleryAppUITests */ = {
			isa = PBXGroup;
			children = (
				222858A41EED760A00734393 /* galleryAppUITests.swift */,
				222858A61EED760A00734393 /* Info.plist */,
			);
			path = galleryAppUITests;
			sourceTree = "<group>";
		};
/* End PBXGroup section */

/* Begin PBXNativeTarget section */
		222858801EED760A00734393 /* galleryApp */ = {
			isa = PBXNativeTarget;
			buildConfigurationList = 222858A91EED760A00734393 /* Build configuration list for PBXNativeTarget "galleryApp" */;
			buildPhases = (
				2228587D1EED760A00734393 /* Sources */,
				2228587E1EED760A00734393 /* Frameworks */,
				2228587F1EED760A00734393 /* Resources */,
			);
			buildRules = (
			);
			dependencies = (
			);
			name = galleryApp;
			productName = galleryApp;
			productReference = 222858811EED760A00734393 /* galleryApp.app */;
			productType = "com.apple.product-type.application";
		};
		222858941EED760A00734393 /* galleryAppTests */ = {
			isa = PBXNativeTarget;
			buildConfigurationList = 222858AC1EED760A00734393 /* Build configuration list for PBXNativeTarget "galleryAppTests" */;
			buildPhases = (
				222858911EED760A00734393 /* Sources */,
				222858921EED760A00734393 /* Frameworks */,
				222858931EED760A00734393 /* Resources */,
			);
			buildRules = (
			);
			dependencies = (
				222858971EED760A00734393 /* PBXTargetDependency */,
			);
			name = galleryAppTests;
			productName = galleryAppTests;
			productReference = 222858951EED760A00734393 /* galleryAppTests.xctest */;
			productType = "com.apple.product-type.bundle.unit-test";
		};
		2228589F1EED760A00734393 /* galleryAppUITests */ = {
			isa = PBXNativeTarget;
			buildConfigurationList = 222858AF1EED760A00734393 /* Build configuration list for PBXNativeTarget "galleryAppUITests" */;
			buildPhases = (
				2228589C1EED760A00734393 /* Sources */,
				2228589D1EED760A00734393 /* Frameworks */,
				2228589E1EED760A00734393 /* Resources */,
			);
			buildRules = (
			);
			dependencies = (
				222858A21EED760A00734393 /* PBXTargetDependency */,
			);
			name = galleryAppUITests;
			productName = galleryAppUITests;
			productReference = 222858A01EED760A00734393 /* galleryAppUITests.xctest */;
			productType = "com.apple.product-type.bundle.ui-testing";
		};
/* End PBXNativeTarget section */

/* Begin PBXProject section */
		222858791EED760A00734393 /* Project object */ = {
			isa = PBXProject;
			attributes = {
				LastSwiftUpdateCheck = 0830;
				LastUpgradeCheck = 0830;
				ORGANIZATIONNAME = "Timur Sapekov";
				TargetAttributes = {
					222858801EED760A00734393 = {
						CreatedOnToolsVersion = 8.3.3;
						ProvisioningStyle = Automatic;
					};
					222858941EED760A00734393 = {
						CreatedOnToolsVersion = 8.3.3;
						ProvisioningStyle = Automatic;
						TestTargetID = 222858801EED760A00734393;
					};
					2228589F1EED760A00734393 = {
						CreatedOnToolsVersion = 8.3.3;
						ProvisioningStyle = Automatic;
						TestTargetID = 222858801EED760A00734393;
					};
				};
			};
			buildConfigurationList = 2228587C1EED760A00734393 /* Build configuration list for PBXProject "galleryApp" */;
			compatibilityVersion = "Xcode 3.2";
			developmentRegion = English;
			hasScannedForEncodings = 0;
			knownRegions = (
				en,
				Base,
			);
			mainGroup = 222858781EED760A00734393;
			productRefGroup = 222858821EED760A00734393 /* Products */;
			projectDirPath = "";
			projectRoot = "";
			targets = (
				222858801EED760A00734393 /* galleryApp */,
				222858941EED760A00734393 /* galleryAppTests */,
				2228589F1EED760A00734393 /* galleryAppUITests */,
			);
		};
/* End PBXProject section */

/* Begin PBXResourcesBuildPhase section */
		2228587F1EED760A00734393 /* Resources */ = {
			isa = PBXResourcesBuildPhase;
			buildActionMask = 2147483647;
			files = (
				2228588F1EED760A00734393 /* LaunchScreen.storyboard in Resources */,
				2228588C1EED760A00734393 /* Assets.xcassets in Resources */,
				2228588A1EED760A00734393 /* Main.storyboard in Resources */,
			);
			runOnlyForDeploymentPostprocessing = 0;
		};
		222858931EED760A00734393 /* Resources */ = {
			isa = PBXResourcesBuildPhase;
			buildActionMask = 2147483647;
			files = (
			);
			runOnlyForDeploymentPostprocessing = 0;
		};
		2228589E1EED760A00734393 /* Resources */ = {
			isa = PBXResourcesBuildPhase;
			buildActionMask = 2147483647;
			files = (
			);
			runOnlyForDeploymentPostprocessing = 0;
		};
/* End PBXResourcesBuildPhase section */

/* Begin PBXSourcesBuildPhase section */
		2228587D1EED760A00734393 /* Sources */ = {
			isa = PBXSourcesBuildPhase;
			buildActionMask = 2147483647;
			files = (
				222858871EED760A00734393 /* ViewController.swift in Sources */,
				222858851EED760A00734393 /* AppDelegate.swift in Sources */,
			);
			runOnlyForDeploymentPostprocessing = 0;
		};
		222858911EED760A00734393 /* Sources */ = {
			isa = PBXSourcesBuildPhase;
			buildActionMask = 2147483647;
			files = (
				2228589A1EED760A00734393 /* galleryAppTests.swift in Sources */,
			);
			runOnlyForDeploymentPostprocessing = 0;
		};
		2228589C1EED760A00734393 /* Sources */ = {
			isa = PBXSourcesBuildPhase;
			buildActionMask = 2147483647;
			files = (
				222858A51EED760A00734393 /* galleryAppUITests.swift in Sources */,
			);
			runOnlyForDeploymentPostprocessing = 0;
		};
/* End PBXSourcesBuildPhase section */

/* Begin PBXTargetDependency section */
		222858971EED760A00734393 /* PBXTargetDependency */ = {
			isa = PBXTargetDependency;
			target = 222858801EED760A00734393 /* galleryApp */;
			targetProxy = 222858961EED760A00734393 /* PBXContainerItemProxy */;
		};
		222858A21EED760A00734393 /* PBXTargetDependency */ = {
			isa = PBXTargetDependency;
			target = 222858801EED760A00734393 /* galleryApp */;
			targetProxy = 222858A11EED760A00734393 /* PBXContainerItemProxy */;
		};
/* End PBXTargetDependency section */

/* Begin PBXVariantGroup section */
		222858881EED760A00734393 /* Main.storyboard */ = {
			isa = PBXVariantGroup;
			children = (
				222858891EED760A00734393 /* Base */,
			);
			name = Main.storyboard;
			sourceTree = "<group>";
		};
		2228588D1EED760A00734393 /* LaunchScreen.storyboard */ = {
			isa = PBXVariantGroup;
			children = (
				2228588E1EED760A00734393 /* Base */,
			);
			name = LaunchScreen.storyboard;
			sourceTree = "<group>";
		};
/* End PBXVariantGroup section */

/* Begin XCBuildConfiguration section */
		222858A71EED760A00734393 /* Debug */ = {
			isa = XCBuildConfiguration;
			buildSettings = {
				ALWAYS_SEARCH_USER_PATHS = NO;
				CLANG_ANALYZER_NONNULL = YES;
				CLANG_ANALYZER_NUMBER_OBJECT_CONVERSION = YES_AGGRESSIVE;
				CLANG_CXX_LANGUAGE_STANDARD = "gnu++0x";
				CLANG_CXX_LIBRARY = "libc++";
				CLANG_ENABLE_MODULES = YES;
				CLANG_ENABLE_OBJC_ARC = YES;
				CLANG_WARN_BOOL_CONVERSION = YES;
				CLANG_WARN_CONSTANT_CONVERSION = YES;
				CLANG_WARN_DIRECT_OBJC_ISA_USAGE = YES_ERROR;
				CLANG_WARN_DOCUMENTATION_COMMENTS = YES;
				CLANG_WARN_EMPTY_BODY = YES;
				CLANG_WARN_ENUM_CONVERSION = YES;
				CLANG_WARN_INFINITE_RECURSION = YES;
				CLANG_WARN_INT_CONVERSION = YES;
				CLANG_WARN_OBJC_ROOT_CLASS = YES_ERROR;
				CLANG_WARN_SUSPICIOUS_MOVE = YES;
				CLANG_WARN_UNREACHABLE_CODE = YES;
				CLANG_WARN__DUPLICATE_METHOD_MATCH = YES;
				"CODE_SIGN_IDENTITY[sdk=iphoneos*]" = "iPhone Developer";
				COPY_PHASE_STRIP = NO;
				DEBUG_INFORMATION_FORMAT = dwarf;
				ENABLE_STRICT_OBJC_MSGSEND = YES;
				ENABLE_TESTABILITY = YES;
				GCC_C_LANGUAGE_STANDARD = gnu99;
				GCC_DYNAMIC_NO_PIC = NO;
				GCC_NO_COMMON_BLOCKS = YES;
				GCC_OPTIMIZATION_LEVEL = 0;
				GCC_PREPROCESSOR_DEFINITIONS = (
					"DEBUG=1",
					"$(inherited)",
				);
				GCC_WARN_64_TO_32_BIT_CONVERSION = YES;
				GCC_WARN_ABOUT_RETURN_TYPE = YES_ERROR;
				GCC_WARN_UNDECLARED_SELECTOR = YES;
				GCC_WARN_UNINITIALIZED_AUTOS = YES_AGGRESSIVE;
				GCC_WARN_UNUSED_FUNCTION = YES;
				GCC_WARN_UNUSED_VARIABLE = YES;
				IPHONEOS_DEPLOYMENT_TARGET = 10.3;
				MTL_ENABLE_DEBUG_INFO = YES;
				ONLY_ACTIVE_ARCH = YES;
				SDKROOT = iphoneos;
				SWIFT_ACTIVE_COMPILATION_CONDITIONS = DEBUG;
				SWIFT_OPTIMIZATION_LEVEL = "-Onone";
				TARGETED_DEVICE_FAMILY = "1,2";
			};
			name = Debug;
		};
		222858A81EED760A00734393 /* Release */ = {
			isa = XCBuildConfiguration;
			buildSettings = {
				ALWAYS_SEARCH_USER_PATHS = NO;
				CLANG_ANALYZER_NONNULL = YES;
				CLANG_ANALYZER_NUMBER_OBJECT_CONVERSION = YES_AGGRESSIVE;
				CLANG_CXX_LANGUAGE_STANDARD = "gnu++0x";
				CLANG_CXX_LIBRARY = "libc++";
				CLANG_ENABLE_MODULES = YES;
				CLANG_ENABLE_OBJC_ARC = YES;
				CLANG_WARN_BOOL_CONVERSION = YES;
				CLANG_WARN_CONSTANT_CONVERSION = YES;
				CLANG_WARN_DIRECT_OBJC_ISA_USAGE = YES_ERROR;
				CLANG_WARN_DOCUMENTATION_COMMENTS = YES;
				CLANG_WARN_EMPTY_BODY = YES;
				CLANG_WARN_ENUM_CONVERSION = YES;
				CLANG_WARN_INFINITE_RECURSION = YES;
				CLANG_WARN_INT_CONVERSION = YES;
				CLANG_WARN_OBJC_ROOT_CLASS = YES_ERROR;
				CLANG_WARN_SUSPICIOUS_MOVE = YES;
				CLANG_WARN_UNREACHABLE_CODE = YES;
				CLANG_WARN__DUPLICATE_METHOD_MATCH = YES;
				"CODE_SIGN_IDENTITY[sdk=iphoneos*]" = "iPhone Developer";
				COPY_PHASE_STRIP = NO;
				DEBUG_INFORMATION_FORMAT = "dwarf-with-dsym";
				ENABLE_NS_ASSERTIONS = NO;
				ENABLE_STRICT_OBJC_MSGSEND = YES;
				GCC_C_LANGUAGE_STANDARD = gnu99;
				GCC_NO_COMMON_BLOCKS = YES;
				GCC_WARN_64_TO_32_BIT_CONVERSION = YES;
				GCC_WARN_ABOUT_RETURN_TYPE = YES_ERROR;
				GCC_WARN_UNDECLARED_SELECTOR = YES;
				GCC_WARN_UNINITIALIZED_AUTOS = YES_AGGRESSIVE;
				GCC_WARN_UNUSED_FUNCTION = YES;
				GCC_WARN_UNUSED_VARIABLE = YES;
				IPHONEOS_DEPLOYMENT_TARGET = 10.3;
				MTL_ENABLE_DEBUG_INFO = NO;
				SDKROOT = iphoneos;
				SWIFT_OPTIMIZATION_LEVEL = "-Owholemodule";
				TARGETED_DEVICE_FAMILY = "1,2";
				VALIDATE_PRODUCT = YES;
			};
			name = Release;
		};
		222858AA1EED760A00734393 /* Debug */ = {
			isa = XCBuildConfiguration;
			buildSettings = {
				ASSETCATALOG_COMPILER_APPICON_NAME = AppIcon;
				INFOPLIST_FILE = galleryApp/Info.plist;
				LD_RUNPATH_SEARCH_PATHS = "$(inherited) @executable_path/Frameworks";
				PRODUCT_BUNDLE_IDENTIFIER = hannation.galleryApp;
				PRODUCT_NAME = "$(TARGET_NAME)";
				SWIFT_VERSION = 3.0;
			};
			name = Debug;
		};
		222858AB1EED760A00734393 /* Release */ = {
			isa = XCBuildConfiguration;
			buildSettings = {
				ASSETCATALOG_COMPILER_APPICON_NAME = AppIcon;
				INFOPLIST_FILE = galleryApp/Info.plist;
				LD_RUNPATH_SEARCH_PATHS = "$(inherited) @executable_path/Frameworks";
				PRODUCT_BUNDLE_IDENTIFIER = hannation.galleryApp;
				PRODUCT_NAME = "$(TARGET_NAME)";
				SWIFT_VERSION = 3.0;
			};
			name = Release;
		};
		222858AD1EED760A00734393 /* Debug */ = {
			isa = XCBuildConfiguration;
			buildSettings = {
				ALWAYS_EMBED_SWIFT_STANDARD_LIBRARIES = YES;
				BUNDLE_LOADER = "$(TEST_HOST)";
				INFOPLIST_FILE = galleryAppTests/Info.plist;
				LD_RUNPATH_SEARCH_PATHS = "$(inherited) @executable_path/Frameworks @loader_path/Frameworks";
				PRODUCT_BUNDLE_IDENTIFIER = hannation.galleryAppTests;
				PRODUCT_NAME = "$(TARGET_NAME)";
				SWIFT_VERSION = 3.0;
				TEST_HOST = "$(BUILT_PRODUCTS_DIR)/galleryApp.app/galleryApp";
			};
			name = Debug;
		};
		222858AE1EED760A00734393 /* Release */ = {
			isa = XCBuildConfiguration;
			buildSettings = {
				ALWAYS_EMBED_SWIFT_STANDARD_LIBRARIES = YES;
				BUNDLE_LOADER = "$(TEST_HOST)";
				INFOPLIST_FILE = galleryAppTests/Info.plist;
				LD_RUNPATH_SEARCH_PATHS = "$(inherited) @executable_path/Frameworks @loader_path/Frameworks";
				PRODUCT_BUNDLE_IDENTIFIER = hannation.galleryAppTests;
				PRODUCT_NAME = "$(TARGET_NAME)";
				SWIFT_VERSION = 3.0;
				TEST_HOST = "$(BUILT_PRODUCTS_DIR)/galleryApp.app/galleryApp";
			};
			name = Release;
		};
		222858B01EED760A00734393 /* Debug */ = {
			isa = XCBuildConfiguration;
			buildSettings = {
				ALWAYS_EMBED_SWIFT_STANDARD_LIBRARIES = YES;
				INFOPLIST_FILE = galleryAppUITests/Info.plist;
				LD_RUNPATH_SEARCH_PATHS = "$(inherited) @executable_path/Frameworks @loader_path/Frameworks";
				PRODUCT_BUNDLE_IDENTIFIER = hannation.galleryAppUITests;
				PRODUCT_NAME = "$(TARGET_NAME)";
				SWIFT_VERSION = 3.0;
				TEST_TARGET_NAME = galleryApp;
			};
			name = Debug;
		};
		222858B11EED760A00734393 /* Release */ = {
			isa = XCBuildConfiguration;
			buildSettings = {
				ALWAYS_EMBED_SWIFT_STANDARD_LIBRARIES = YES;
				INFOPLIST_FILE = galleryAppUITests/Info.plist;
				LD_RUNPATH_SEARCH_PATHS = "$(inherited) @executable_path/Frameworks @loader_path/Frameworks";
				PRODUCT_BUNDLE_IDENTIFIER = hannation.galleryAppUITests;
				PRODUCT_NAME = "$(TARGET_NAME)";
				SWIFT_VERSION = 3.0;
				TEST_TARGET_NAME = galleryApp;
			};
			name = Release;
		};
/* End XCBuildConfiguration section */

/* Begin XCConfigurationList section */
		2228587C1EED760A00734393 /* Build configuration list for PBXProject "galleryApp" */ = {
			isa = XCConfigurationList;
			buildConfigurations = (
				222858A71EED760A00734393 /* Debug */,
				222858A81EED760A00734393 /* Release */,
			);
			defaultConfigurationIsVisible = 0;
			defaultConfigurationName = Release;
		};
		222858A91EED760A00734393 /* Build configuration list for PBXNativeTarget "galleryApp" */ = {
			isa = XCConfigurationList;
			buildConfigurations = (
				222858AA1EED760A00734393 /* Debug */,
				222858AB1EED760A00734393 /* Release */,
			);
			defaultConfigurationIsVisible = 0;
		};
		222858AC1EED760A00734393 /* Build configuration list for PBXNativeTarget "galleryAppTests" */ = {
			isa = XCConfigurationList;
			buildConfigurations = (
				222858AD1EED760A00734393 /* Debug */,
				222858AE1EED760A00734393 /* Release */,
			);
			defaultConfigurationIsVisible = 0;
		};
		222858AF1EED760A00734393 /* Build configuration list for PBXNativeTarget "galleryAppUITests" */ = {
			isa = XCConfigurationList;
			buildConfigurations = (
				222858B01EED760A00734393 /* Debug */,
				222858B11EED760A00734393 /* Release */,
			);
			defaultConfigurationIsVisible = 0;
		};
/* End XCConfigurationList section */
	};
	rootObject = 222858791EED760A00734393 /* Project object */;
}
